
Microsoft Visual Studio Solution File, Format Version 12.00
# Visual Studio Version 17
VisualStudioVersion = 17.5.002.0
MinimumVisualStudioVersion = 10.0.40219.1
Project("{2150E333-8FDC-42A3-9474-1A3956D46DE8}") = "CSE-210-main", "CSE-210-main", "{BFE7B0EE-ECC4-47E9-988F-12FD746E5E1D}"
EndProject
Project("{2150E333-8FDC-42A3-9474-1A3956D46DE8}") = "csharp-prep", "csharp-prep", "{DDC20F1E-2C8C-4119-992C-455690215ACF}"
EndProject
Project("{9A19103F-16F7-4668-BE54-9A1E7A4F7556}") = "Prep1", "CSE-210-main\csharp-prep\Prep1\Prep1.csproj", "{D2A029DE-F87D-41F1-B949-23530274082C}"
EndProject
Project("{9A19103F-16F7-4668-BE54-9A1E7A4F7556}") = "Prep2", "CSE-210-main\csharp-prep\Prep2\Prep2.csproj", "{793F7F79-4619-4630-9F63-C7062C27A392}"
EndProject
Project("{9A19103F-16F7-4668-BE54-9A1E7A4F7556}") = "Prep3", "CSE-210-main\csharp-prep\Prep3\Prep3.csproj", "{EAE7EC7B-F7FA-46C9-90E1-744D9D00BDD8}"
EndProject
Project("{9A19103F-16F7-4668-BE54-9A1E7A4F7556}") = "Prep4", "CSE-210-main\csharp-prep\Prep4\Prep4.csproj", "{A47E58A1-0B47-4686-A7C7-19CFC0180F33}"
EndProject
Project("{9A19103F-16F7-4668-BE54-9A1E7A4F7556}") = "Prep5", "CSE-210-main\csharp-prep\Prep5\Prep5.csproj", "{734CFF15-AD68-4668-B1DC-F87F9BC2C5FF}"
EndProject
Project("{2150E333-8FDC-42A3-9474-1A3956D46DE8}") = "final", "final", "{D82868B4-F548-4809-A9E3-845B60387EF0}"
EndProject
Project("{9A19103F-16F7-4668-BE54-9A1E7A4F7556}") = "FinalProject", "CSE-210-main\final\FinalProject\FinalProject.csproj", "{F58C0AF1-7965-4CF2-AB84-286A5CA5FCED}"
EndProject
Project("{9A19103F-16F7-4668-BE54-9A1E7A4F7556}") = "Foundation1", "CSE-210-main\final\Foundation1\Foundation1.csproj", "{7767FFEF-C071-4B2D-ABEB-96A0FD794896}"
EndProject
Project("{9A19103F-16F7-4668-BE54-9A1E7A4F7556}") = "Foundation2", "CSE-210-main\final\Foundation2\Foundation2.csproj", "{C4BF9790-D2AC-4F0E-A7B4-626D97AED8AB}"
EndProject
Project("{9A19103F-16F7-4668-BE54-9A1E7A4F7556}") = "Foundation3", "CSE-210-main\final\Foundation3\Foundation3.csproj", "{ADEAA9CE-ACC2-41A5-80FB-30624C662BE6}"
EndProject
Project("{9A19103F-16F7-4668-BE54-9A1E7A4F7556}") = "Foundation4", "CSE-210-main\final\Foundation4\Foundation4.csproj", "{EBE0949F-A6F6-4BDF-ADE3-C9A2901C421D}"
EndProject
Project("{2150E333-8FDC-42A3-9474-1A3956D46DE8}") = "prepare", "prepare", "{3E4DD424-0119-4672-BC5C-1723662F9231}"
EndProject
Project("{9A19103F-16F7-4668-BE54-9A1E7A4F7556}") = "Learning02", "CSE-210-main\prepare\Learning02\Learning02.csproj", "{EA14BC35-6FC6-4462-B94F-7EBD09FFFA2A}"
EndProject
Project("{9A19103F-16F7-4668-BE54-9A1E7A4F7556}") = "Learning03", "CSE-210-main\prepare\Learning03\Learning03.csproj", "{52A5A2B8-FCFA-495C-A16B-E675DCB9806A}"
EndProject
Project("{9A19103F-16F7-4668-BE54-9A1E7A4F7556}") = "Learning04", "CSE-210-main\prepare\Learning04\Learning04.csproj", "{4BB19EBA-05CE-4E18-92A6-182BD8B95287}"
EndProject
Project("{9A19103F-16F7-4668-BE54-9A1E7A4F7556}") = "Learning05", "CSE-210-main\prepare\Learning05\Learning05.csproj", "{30440EC9-741D-4E2C-B9AB-F21114713AE7}"
EndProject
Project("{2150E333-8FDC-42A3-9474-1A3956D46DE8}") = "prove", "prove", "{C811296C-BB89-4F65-B32A-7C2882A652A3}"
EndProject
Project("{9A19103F-16F7-4668-BE54-9A1E7A4F7556}") = "Develop02", "CSE-210-main\prove\Develop02\Develop02.csproj", "{950BA2EC-7E2B-4EAA-BC92-AED5D8BEF655}"
EndProject
Project("{9A19103F-16F7-4668-BE54-9A1E7A4F7556}") = "Develop03", "CSE-210-main\prove\Develop03\Develop03.csproj", "{B960D98E-959A-49FE-B336-642C212BDFEA}"
EndProject
Project("{9A19103F-16F7-4668-BE54-9A1E7A4F7556}") = "Develop04", "CSE-210-main\prove\Develop04\Develop04.csproj", "{50D1F3FF-D7E8-42BA-AEA6-AA622202F19A}"
EndProject
Project("{9A19103F-16F7-4668-BE54-9A1E7A4F7556}") = "Develop05", "CSE-210-main\prove\Develop05\Develop05.csproj", "{69943D1B-D5E3-45E0-B8C8-94B23083AC1F}"
EndProject
Project("{2150E333-8FDC-42A3-9474-1A3956D46DE8}") = "sandbox", "sandbox", "{2E5FA9A6-8944-413F-9A6C-9EAE22021F79}"
EndProject
Project("{9A19103F-16F7-4668-BE54-9A1E7A4F7556}") = "Sandbox", "CSE-210-main\sandbox\Sandbox\Sandbox.csproj", "{183403EB-4117-48C0-9F09-D3280C456A60}"
EndProject
Global
	GlobalSection(SolutionConfigurationPlatforms) = preSolution
		Debug|Any CPU = Debug|Any CPU
		Release|Any CPU = Release|Any CPU
	EndGlobalSection
	GlobalSection(ProjectConfigurationPlatforms) = postSolution
		{D2A029DE-F87D-41F1-B949-23530274082C}.Debug|Any CPU.ActiveCfg = Debug|Any CPU
		{D2A029DE-F87D-41F1-B949-23530274082C}.Debug|Any CPU.Build.0 = Debug|Any CPU
		{D2A029DE-F87D-41F1-B949-23530274082C}.Release|Any CPU.ActiveCfg = Release|Any CPU
		{D2A029DE-F87D-41F1-B949-23530274082C}.Release|Any CPU.Build.0 = Release|Any CPU
		{793F7F79-4619-4630-9F63-C7062C27A392}.Debug|Any CPU.ActiveCfg = Debug|Any CPU
		{793F7F79-4619-4630-9F63-C7062C27A392}.Debug|Any CPU.Build.0 = Debug|Any CPU
		{793F7F79-4619-4630-9F63-C7062C27A392}.Release|Any CPU.ActiveCfg = Release|Any CPU
		{793F7F79-4619-4630-9F63-C7062C27A392}.Release|Any CPU.Build.0 = Release|Any CPU
		{EAE7EC7B-F7FA-46C9-90E1-744D9D00BDD8}.Debug|Any CPU.ActiveCfg = Debug|Any CPU
		{EAE7EC7B-F7FA-46C9-90E1-744D9D00BDD8}.Debug|Any CPU.Build.0 = Debug|Any CPU
		{EAE7EC7B-F7FA-46C9-90E1-744D9D00BDD8}.Release|Any CPU.ActiveCfg = Release|Any CPU
		{EAE7EC7B-F7FA-46C9-90E1-744D9D00BDD8}.Release|Any CPU.Build.0 = Release|Any CPU
		{A47E58A1-0B47-4686-A7C7-19CFC0180F33}.Debug|Any CPU.ActiveCfg = Debug|Any CPU
		{A47E58A1-0B47-4686-A7C7-19CFC0180F33}.Debug|Any CPU.Build.0 = Debug|Any CPU
		{A47E58A1-0B47-4686-A7C7-19CFC0180F33}.Release|Any CPU.ActiveCfg = Release|Any CPU
		{A47E58A1-0B47-4686-A7C7-19CFC0180F33}.Release|Any CPU.Build.0 = Release|Any CPU
		{734CFF15-AD68-4668-B1DC-F87F9BC2C5FF}.Debug|Any CPU.ActiveCfg = Debug|Any CPU
		{734CFF15-AD68-4668-B1DC-F87F9BC2C5FF}.Debug|Any CPU.Build.0 = Debug|Any CPU
		{734CFF15-AD68-4668-B1DC-F87F9BC2C5FF}.Release|Any CPU.ActiveCfg = Release|Any CPU
		{734CFF15-AD68-4668-B1DC-F87F9BC2C5FF}.Release|Any CPU.Build.0 = Release|Any CPU
		{F58C0AF1-7965-4CF2-AB84-286A5CA5FCED}.Debug|Any CPU.ActiveCfg = Debug|Any CPU
		{F58C0AF1-7965-4CF2-AB84-286A5CA5FCED}.Debug|Any CPU.Build.0 = Debug|Any CPU
		{F58C0AF1-7965-4CF2-AB84-286A5CA5FCED}.Release|Any CPU.ActiveCfg = Release|Any CPU
		{F58C0AF1-7965-4CF2-AB84-286A5CA5FCED}.Release|Any CPU.Build.0 = Release|Any CPU
		{7767FFEF-C071-4B2D-ABEB-96A0FD794896}.Debug|Any CPU.ActiveCfg = Debug|Any CPU
		{7767FFEF-C071-4B2D-ABEB-96A0FD794896}.Debug|Any CPU.Build.0 = Debug|Any CPU
		{7767FFEF-C071-4B2D-ABEB-96A0FD794896}.Release|Any CPU.ActiveCfg = Release|Any CPU
		{7767FFEF-C071-4B2D-ABEB-96A0FD794896}.Release|Any CPU.Build.0 = Release|Any CPU
		{C4BF9790-D2AC-4F0E-A7B4-626D97AED8AB}.Debug|Any CPU.ActiveCfg = Debug|Any CPU
		{C4BF9790-D2AC-4F0E-A7B4-626D97AED8AB}.Debug|Any CPU.Build.0 = Debug|Any CPU
		{C4BF9790-D2AC-4F0E-A7B4-626D97AED8AB}.Release|Any CPU.ActiveCfg = Release|Any CPU
		{C4BF9790-D2AC-4F0E-A7B4-626D97AED8AB}.Release|Any CPU.Build.0 = Release|Any CPU
		{ADEAA9CE-ACC2-41A5-80FB-30624C662BE6}.Debug|Any CPU.ActiveCfg = Debug|Any CPU
		{ADEAA9CE-ACC2-41A5-80FB-30624C662BE6}.Debug|Any CPU.Build.0 = Debug|Any CPU
		{ADEAA9CE-ACC2-41A5-80FB-30624C662BE6}.Release|Any CPU.ActiveCfg = Release|Any CPU
		{ADEAA9CE-ACC2-41A5-80FB-30624C662BE6}.Release|Any CPU.Build.0 = Release|Any CPU
		{EBE0949F-A6F6-4BDF-ADE3-C9A2901C421D}.Debug|Any CPU.ActiveCfg = Debug|Any CPU
		{EBE0949F-A6F6-4BDF-ADE3-C9A2901C421D}.Debug|Any CPU.Build.0 = Debug|Any CPU
		{EBE0949F-A6F6-4BDF-ADE3-C9A2901C421D}.Release|Any CPU.ActiveCfg = Release|Any CPU
		{EBE0949F-A6F6-4BDF-ADE3-C9A2901C421D}.Release|Any CPU.Build.0 = Release|Any CPU
		{EA14BC35-6FC6-4462-B94F-7EBD09FFFA2A}.Debug|Any CPU.ActiveCfg = Debug|Any CPU
		{EA14BC35-6FC6-4462-B94F-7EBD09FFFA2A}.Debug|Any CPU.Build.0 = Debug|Any CPU
		{EA14BC35-6FC6-4462-B94F-7EBD09FFFA2A}.Release|Any CPU.ActiveCfg = Release|Any CPU
		{EA14BC35-6FC6-4462-B94F-7EBD09FFFA2A}.Release|Any CPU.Build.0 = Release|Any CPU
		{52A5A2B8-FCFA-495C-A16B-E675DCB9806A}.Debug|Any CPU.ActiveCfg = Debug|Any CPU
		{52A5A2B8-FCFA-495C-A16B-E675DCB9806A}.Debug|Any CPU.Build.0 = Debug|Any CPU
		{52A5A2B8-FCFA-495C-A16B-E675DCB9806A}.Release|Any CPU.ActiveCfg = Release|Any CPU
		{52A5A2B8-FCFA-495C-A16B-E675DCB9806A}.Release|Any CPU.Build.0 = Release|Any CPU
		{4BB19EBA-05CE-4E18-92A6-182BD8B95287}.Debug|Any CPU.ActiveCfg = Debug|Any CPU
		{4BB19EBA-05CE-4E18-92A6-182BD8B95287}.Debug|Any CPU.Build.0 = Debug|Any CPU
		{4BB19EBA-05CE-4E18-92A6-182BD8B95287}.Release|Any CPU.ActiveCfg = Release|Any CPU
		{4BB19EBA-05CE-4E18-92A6-182BD8B95287}.Release|Any CPU.Build.0 = Release|Any CPU
		{30440EC9-741D-4E2C-B9AB-F21114713AE7}.Debug|Any CPU.ActiveCfg = Debug|Any CPU
		{30440EC9-741D-4E2C-B9AB-F21114713AE7}.Debug|Any CPU.Build.0 = Debug|Any CPU
		{30440EC9-741D-4E2C-B9AB-F21114713AE7}.Release|Any CPU.ActiveCfg = Release|Any CPU
		{30440EC9-741D-4E2C-B9AB-F21114713AE7}.Release|Any CPU.Build.0 = Release|Any CPU
		{950BA2EC-7E2B-4EAA-BC92-AED5D8BEF655}.Debug|Any CPU.ActiveCfg = Debug|Any CPU
		{950BA2EC-7E2B-4EAA-BC92-AED5D8BEF655}.Debug|Any CPU.Build.0 = Debug|Any CPU
		{950BA2EC-7E2B-4EAA-BC92-AED5D8BEF655}.Release|Any CPU.ActiveCfg = Release|Any CPU
		{950BA2EC-7E2B-4EAA-BC92-AED5D8BEF655}.Release|Any CPU.Build.0 = Release|Any CPU
		{B960D98E-959A-49FE-B336-642C212BDFEA}.Debug|Any CPU.ActiveCfg = Debug|Any CPU
		{B960D98E-959A-49FE-B336-642C212BDFEA}.Debug|Any CPU.Build.0 = Debug|Any CPU
		{B960D98E-959A-49FE-B336-642C212BDFEA}.Release|Any CPU.ActiveCfg = Release|Any CPU
		{B960D98E-959A-49FE-B336-642C212BDFEA}.Release|Any CPU.Build.0 = Release|Any CPU
		{50D1F3FF-D7E8-42BA-AEA6-AA622202F19A}.Debug|Any CPU.ActiveCfg = Debug|Any CPU
		{50D1F3FF-D7E8-42BA-AEA6-AA622202F19A}.Debug|Any CPU.Build.0 = Debug|Any CPU
		{50D1F3FF-D7E8-42BA-AEA6-AA622202F19A}.Release|Any CPU.ActiveCfg = Release|Any CPU
		{50D1F3FF-D7E8-42BA-AEA6-AA622202F19A}.Release|Any CPU.Build.0 = Release|Any CPU
		{69943D1B-D5E3-45E0-B8C8-94B23083AC1F}.Debug|Any CPU.ActiveCfg = Debug|Any CPU
		{69943D1B-D5E3-45E0-B8C8-94B23083AC1F}.Debug|Any CPU.Build.0 = Debug|Any CPU
		{69943D1B-D5E3-45E0-B8C8-94B23083AC1F}.Release|Any CPU.ActiveCfg = Release|Any CPU
		{69943D1B-D5E3-45E0-B8C8-94B23083AC1F}.Release|Any CPU.Build.0 = Release|Any CPU
		{183403EB-4117-48C0-9F09-D3280C456A60}.Debug|Any CPU.ActiveCfg = Debug|Any CPU
		{183403EB-4117-48C0-9F09-D3280C456A60}.Debug|Any CPU.Build.0 = Debug|Any CPU
		{183403EB-4117-48C0-9F09-D3280C456A60}.Release|Any CPU.ActiveCfg = Release|Any CPU
		{183403EB-4117-48C0-9F09-D3280C456A60}.Release|Any CPU.Build.0 = Release|Any CPU
	EndGlobalSection
	GlobalSection(SolutionProperties) = preSolution
		HideSolutionNode = FALSE
	EndGlobalSection
	GlobalSection(NestedProjects) = preSolution
		{DDC20F1E-2C8C-4119-992C-455690215ACF} = {BFE7B0EE-ECC4-47E9-988F-12FD746E5E1D}
		{D2A029DE-F87D-41F1-B949-23530274082C} = {DDC20F1E-2C8C-4119-992C-455690215ACF}
		{793F7F79-4619-4630-9F63-C7062C27A392} = {DDC20F1E-2C8C-4119-992C-455690215ACF}
		{EAE7EC7B-F7FA-46C9-90E1-744D9D00BDD8} = {DDC20F1E-2C8C-4119-992C-455690215ACF}
		{A47E58A1-0B47-4686-A7C7-19CFC0180F33} = {DDC20F1E-2C8C-4119-992C-455690215ACF}
		{734CFF15-AD68-4668-B1DC-F87F9BC2C5FF} = {DDC20F1E-2C8C-4119-992C-455690215ACF}
		{D82868B4-F548-4809-A9E3-845B60387EF0} = {BFE7B0EE-ECC4-47E9-988F-12FD746E5E1D}
		{F58C0AF1-7965-4CF2-AB84-286A5CA5FCED} = {D82868B4-F548-4809-A9E3-845B60387EF0}
		{7767FFEF-C071-4B2D-ABEB-96A0FD794896} = {D82868B4-F548-4809-A9E3-845B60387EF0}
		{C4BF9790-D2AC-4F0E-A7B4-626D97AED8AB} = {D82868B4-F548-4809-A9E3-845B60387EF0}
		{ADEAA9CE-ACC2-41A5-80FB-30624C662BE6} = {D82868B4-F548-4809-A9E3-845B60387EF0}
		{EBE0949F-A6F6-4BDF-ADE3-C9A2901C421D} = {D82868B4-F548-4809-A9E3-845B60387EF0}
		{3E4DD424-0119-4672-BC5C-1723662F9231} = {BFE7B0EE-ECC4-47E9-988F-12FD746E5E1D}
		{EA14BC35-6FC6-4462-B94F-7EBD09FFFA2A} = {3E4DD424-0119-4672-BC5C-1723662F9231}
		{52A5A2B8-FCFA-495C-A16B-E675DCB9806A} = {3E4DD424-0119-4672-BC5C-1723662F9231}
		{4BB19EBA-05CE-4E18-92A6-182BD8B95287} = {3E4DD424-0119-4672-BC5C-1723662F9231}
		{30440EC9-741D-4E2C-B9AB-F21114713AE7} = {3E4DD424-0119-4672-BC5C-1723662F9231}
		{C811296C-BB89-4F65-B32A-7C2882A652A3} = {BFE7B0EE-ECC4-47E9-988F-12FD746E5E1D}
		{950BA2EC-7E2B-4EAA-BC92-AED5D8BEF655} = {C811296C-BB89-4F65-B32A-7C2882A652A3}
		{B960D98E-959A-49FE-B336-642C212BDFEA} = {C811296C-BB89-4F65-B32A-7C2882A652A3}
		{50D1F3FF-D7E8-42BA-AEA6-AA622202F19A} = {C811296C-BB89-4F65-B32A-7C2882A652A3}
		{69943D1B-D5E3-45E0-B8C8-94B23083AC1F} = {C811296C-BB89-4F65-B32A-7C2882A652A3}
		{2E5FA9A6-8944-413F-9A6C-9EAE22021F79} = {BFE7B0EE-ECC4-47E9-988F-12FD746E5E1D}
		{183403EB-4117-48C0-9F09-D3280C456A60} = {2E5FA9A6-8944-413F-9A6C-9EAE22021F79}
	EndGlobalSection
	GlobalSection(ExtensibilityGlobals) = postSolution
		SolutionGuid = {820FD81F-CE01-4F3D-BB62-5E36189F8C45}
	EndGlobalSection
EndGlobal
