
Microsoft Visual Studio Solution File, Format Version 12.00
# Visual Studio Version 17
VisualStudioVersion = 17.5.002.0
MinimumVisualStudioVersion = 10.0.40219.1
Project("{2150E333-8FDC-42A3-9474-1A3956D46DE8}") = "csharp-prep", "csharp-prep", "{D405C35B-4777-4817-8067-0400968584E0}"
EndProject
Project("{9A19103F-16F7-4668-BE54-9A1E7A4F7556}") = "Prep1", "csharp-prep\Prep1\Prep1.csproj", "{83F04204-B06E-4B1D-839F-88257FA0A247}"
EndProject
Project("{9A19103F-16F7-4668-BE54-9A1E7A4F7556}") = "Prep2", "csharp-prep\Prep2\Prep2.csproj", "{F10F6C26-BEE3-4E01-AED6-553B0F0519EE}"
EndProject
Project("{9A19103F-16F7-4668-BE54-9A1E7A4F7556}") = "Prep3", "csharp-prep\Prep3\Prep3.csproj", "{088AA2C6-4774-44EB-B768-E66CE7568998}"
EndProject
Project("{9A19103F-16F7-4668-BE54-9A1E7A4F7556}") = "Prep4", "csharp-prep\Prep4\Prep4.csproj", "{454170B5-F94B-49DA-B4CA-2207916907C0}"
EndProject
Project("{9A19103F-16F7-4668-BE54-9A1E7A4F7556}") = "Prep5", "csharp-prep\Prep5\Prep5.csproj", "{25EC4177-08E2-44B3-8A72-155242569E34}"
EndProject
Project("{2150E333-8FDC-42A3-9474-1A3956D46DE8}") = "final", "final", "{EE677CF3-FE7E-476D-8FBA-32FCD91B34B9}"
EndProject
Project("{9A19103F-16F7-4668-BE54-9A1E7A4F7556}") = "FinalProject", "final\FinalProject\FinalProject.csproj", "{AE41065E-A117-4C33-9801-CB2CD72A6CB6}"
EndProject
Project("{9A19103F-16F7-4668-BE54-9A1E7A4F7556}") = "Foundation1", "final\Foundation1\Foundation1.csproj", "{DB73A280-A818-4334-80E1-E97DBD68893D}"
EndProject
Project("{9A19103F-16F7-4668-BE54-9A1E7A4F7556}") = "Foundation2", "final\Foundation2\Foundation2.csproj", "{57982B67-90EC-43F6-AB03-FC61F2B1205F}"
EndProject
Project("{9A19103F-16F7-4668-BE54-9A1E7A4F7556}") = "Foundation3", "final\Foundation3\Foundation3.csproj", "{0FB55FFD-0E5F-4ACF-98B0-60CA882B2188}"
EndProject
Project("{9A19103F-16F7-4668-BE54-9A1E7A4F7556}") = "Foundation4", "final\Foundation4\Foundation4.csproj", "{65B9925A-6F65-45A9-9D35-5DB50F9EC2C9}"
EndProject
Project("{2150E333-8FDC-42A3-9474-1A3956D46DE8}") = "prepare", "prepare", "{D65CED3E-C8F0-4ABD-8205-7A13CD872DF3}"
EndProject
Project("{9A19103F-16F7-4668-BE54-9A1E7A4F7556}") = "Learning02", "prepare\Learning02\Learning02.csproj", "{A1FCF01E-9233-4B2F-BC86-AB20BCD5AA33}"
EndProject
Project("{9A19103F-16F7-4668-BE54-9A1E7A4F7556}") = "Learning03", "prepare\Learning03\Learning03.csproj", "{F9BB3FD5-8F2A-43D2-A416-6B291A50FBC8}"
EndProject
Project("{9A19103F-16F7-4668-BE54-9A1E7A4F7556}") = "Learning04", "prepare\Learning04\Learning04.csproj", "{CB714609-1317-4A08-B5B2-51E4B59A1EFA}"
EndProject
Project("{9A19103F-16F7-4668-BE54-9A1E7A4F7556}") = "Learning05", "prepare\Learning05\Learning05.csproj", "{2BF81447-989E-406D-BB70-FAF67BF15D60}"
EndProject
Project("{2150E333-8FDC-42A3-9474-1A3956D46DE8}") = "prove", "prove", "{46B0F9F7-5F4D-495D-9ADA-FEC3D75E0FF1}"
EndProject
Project("{9A19103F-16F7-4668-BE54-9A1E7A4F7556}") = "Develop02", "prove\Develop02\Develop02.csproj", "{8FE46AD0-C393-4F67-A6CE-E5A96FF37A39}"
EndProject
Project("{9A19103F-16F7-4668-BE54-9A1E7A4F7556}") = "Develop03", "prove\Develop03\Develop03.csproj", "{4F4E0D10-ABF4-426F-8994-E69F42DD4B66}"
EndProject
Project("{9A19103F-16F7-4668-BE54-9A1E7A4F7556}") = "Develop04", "prove\Develop04\Develop04.csproj", "{EF6A2875-92EF-4E15-817D-D8F49264EEB6}"
EndProject
Project("{9A19103F-16F7-4668-BE54-9A1E7A4F7556}") = "Develop05", "prove\Develop05\Develop05.csproj", "{DD36E990-D0A9-4E58-8408-5FFAEE8D1E36}"
EndProject
Project("{2150E333-8FDC-42A3-9474-1A3956D46DE8}") = "sandbox", "sandbox", "{C2EC9C57-D958-4E9E-9F1E-9081247615F1}"
EndProject
Project("{9A19103F-16F7-4668-BE54-9A1E7A4F7556}") = "Sandbox", "sandbox\Sandbox\Sandbox.csproj", "{2408ADB5-1240-44A1-AD5C-31FE2EFE4074}"
EndProject
Global
	GlobalSection(SolutionConfigurationPlatforms) = preSolution
		Debug|Any CPU = Debug|Any CPU
		Release|Any CPU = Release|Any CPU
	EndGlobalSection
	GlobalSection(ProjectConfigurationPlatforms) = postSolution
		{83F04204-B06E-4B1D-839F-88257FA0A247}.Debug|Any CPU.ActiveCfg = Debug|Any CPU
		{83F04204-B06E-4B1D-839F-88257FA0A247}.Debug|Any CPU.Build.0 = Debug|Any CPU
		{83F04204-B06E-4B1D-839F-88257FA0A247}.Release|Any CPU.ActiveCfg = Release|Any CPU
		{83F04204-B06E-4B1D-839F-88257FA0A247}.Release|Any CPU.Build.0 = Release|Any CPU
		{F10F6C26-BEE3-4E01-AED6-553B0F0519EE}.Debug|Any CPU.ActiveCfg = Debug|Any CPU
		{F10F6C26-BEE3-4E01-AED6-553B0F0519EE}.Debug|Any CPU.Build.0 = Debug|Any CPU
		{F10F6C26-BEE3-4E01-AED6-553B0F0519EE}.Release|Any CPU.ActiveCfg = Release|Any CPU
		{F10F6C26-BEE3-4E01-AED6-553B0F0519EE}.Release|Any CPU.Build.0 = Release|Any CPU
		{088AA2C6-4774-44EB-B768-E66CE7568998}.Debug|Any CPU.ActiveCfg = Debug|Any CPU
		{088AA2C6-4774-44EB-B768-E66CE7568998}.Debug|Any CPU.Build.0 = Debug|Any CPU
		{088AA2C6-4774-44EB-B768-E66CE7568998}.Release|Any CPU.ActiveCfg = Release|Any CPU
		{088AA2C6-4774-44EB-B768-E66CE7568998}.Release|Any CPU.Build.0 = Release|Any CPU
		{454170B5-F94B-49DA-B4CA-2207916907C0}.Debug|Any CPU.ActiveCfg = Debug|Any CPU
		{454170B5-F94B-49DA-B4CA-2207916907C0}.Debug|Any CPU.Build.0 = Debug|Any CPU
		{454170B5-F94B-49DA-B4CA-2207916907C0}.Release|Any CPU.ActiveCfg = Release|Any CPU
		{454170B5-F94B-49DA-B4CA-2207916907C0}.Release|Any CPU.Build.0 = Release|Any CPU
		{25EC4177-08E2-44B3-8A72-155242569E34}.Debug|Any CPU.ActiveCfg = Debug|Any CPU
		{25EC4177-08E2-44B3-8A72-155242569E34}.Debug|Any CPU.Build.0 = Debug|Any CPU
		{25EC4177-08E2-44B3-8A72-155242569E34}.Release|Any CPU.ActiveCfg = Release|Any CPU
		{25EC4177-08E2-44B3-8A72-155242569E34}.Release|Any CPU.Build.0 = Release|Any CPU
		{AE41065E-A117-4C33-9801-CB2CD72A6CB6}.Debug|Any CPU.ActiveCfg = Debug|Any CPU
		{AE41065E-A117-4C33-9801-CB2CD72A6CB6}.Debug|Any CPU.Build.0 = Debug|Any CPU
		{AE41065E-A117-4C33-9801-CB2CD72A6CB6}.Release|Any CPU.ActiveCfg = Release|Any CPU
		{AE41065E-A117-4C33-9801-CB2CD72A6CB6}.Release|Any CPU.Build.0 = Release|Any CPU
		{DB73A280-A818-4334-80E1-E97DBD68893D}.Debug|Any CPU.ActiveCfg = Debug|Any CPU
		{DB73A280-A818-4334-80E1-E97DBD68893D}.Debug|Any CPU.Build.0 = Debug|Any CPU
		{DB73A280-A818-4334-80E1-E97DBD68893D}.Release|Any CPU.ActiveCfg = Release|Any CPU
		{DB73A280-A818-4334-80E1-E97DBD68893D}.Release|Any CPU.Build.0 = Release|Any CPU
		{57982B67-90EC-43F6-AB03-FC61F2B1205F}.Debug|Any CPU.ActiveCfg = Debug|Any CPU
		{57982B67-90EC-43F6-AB03-FC61F2B1205F}.Debug|Any CPU.Build.0 = Debug|Any CPU
		{57982B67-90EC-43F6-AB03-FC61F2B1205F}.Release|Any CPU.ActiveCfg = Release|Any CPU
		{57982B67-90EC-43F6-AB03-FC61F2B1205F}.Release|Any CPU.Build.0 = Release|Any CPU
		{0FB55FFD-0E5F-4ACF-98B0-60CA882B2188}.Debug|Any CPU.ActiveCfg = Debug|Any CPU
		{0FB55FFD-0E5F-4ACF-98B0-60CA882B2188}.Debug|Any CPU.Build.0 = Debug|Any CPU
		{0FB55FFD-0E5F-4ACF-98B0-60CA882B2188}.Release|Any CPU.ActiveCfg = Release|Any CPU
		{0FB55FFD-0E5F-4ACF-98B0-60CA882B2188}.Release|Any CPU.Build.0 = Release|Any CPU
		{65B9925A-6F65-45A9-9D35-5DB50F9EC2C9}.Debug|Any CPU.ActiveCfg = Debug|Any CPU
		{65B9925A-6F65-45A9-9D35-5DB50F9EC2C9}.Debug|Any CPU.Build.0 = Debug|Any CPU
		{65B9925A-6F65-45A9-9D35-5DB50F9EC2C9}.Release|Any CPU.ActiveCfg = Release|Any CPU
		{65B9925A-6F65-45A9-9D35-5DB50F9EC2C9}.Release|Any CPU.Build.0 = Release|Any CPU
		{A1FCF01E-9233-4B2F-BC86-AB20BCD5AA33}.Debug|Any CPU.ActiveCfg = Debug|Any CPU
		{A1FCF01E-9233-4B2F-BC86-AB20BCD5AA33}.Debug|Any CPU.Build.0 = Debug|Any CPU
		{A1FCF01E-9233-4B2F-BC86-AB20BCD5AA33}.Release|Any CPU.ActiveCfg = Release|Any CPU
		{A1FCF01E-9233-4B2F-BC86-AB20BCD5AA33}.Release|Any CPU.Build.0 = Release|Any CPU
		{F9BB3FD5-8F2A-43D2-A416-6B291A50FBC8}.Debug|Any CPU.ActiveCfg = Debug|Any CPU
		{F9BB3FD5-8F2A-43D2-A416-6B291A50FBC8}.Debug|Any CPU.Build.0 = Debug|Any CPU
		{F9BB3FD5-8F2A-43D2-A416-6B291A50FBC8}.Release|Any CPU.ActiveCfg = Release|Any CPU
		{F9BB3FD5-8F2A-43D2-A416-6B291A50FBC8}.Release|Any CPU.Build.0 = Release|Any CPU
		{CB714609-1317-4A08-B5B2-51E4B59A1EFA}.Debug|Any CPU.ActiveCfg = Debug|Any CPU
		{CB714609-1317-4A08-B5B2-51E4B59A1EFA}.Debug|Any CPU.Build.0 = Debug|Any CPU
		{CB714609-1317-4A08-B5B2-51E4B59A1EFA}.Release|Any CPU.ActiveCfg = Release|Any CPU
		{CB714609-1317-4A08-B5B2-51E4B59A1EFA}.Release|Any CPU.Build.0 = Release|Any CPU
		{2BF81447-989E-406D-BB70-FAF67BF15D60}.Debug|Any CPU.ActiveCfg = Debug|Any CPU
		{2BF81447-989E-406D-BB70-FAF67BF15D60}.Debug|Any CPU.Build.0 = Debug|Any CPU
		{2BF81447-989E-406D-BB70-FAF67BF15D60}.Release|Any CPU.ActiveCfg = Release|Any CPU
		{2BF81447-989E-406D-BB70-FAF67BF15D60}.Release|Any CPU.Build.0 = Release|Any CPU
		{8FE46AD0-C393-4F67-A6CE-E5A96FF37A39}.Debug|Any CPU.ActiveCfg = Debug|Any CPU
		{8FE46AD0-C393-4F67-A6CE-E5A96FF37A39}.Debug|Any CPU.Build.0 = Debug|Any CPU
		{8FE46AD0-C393-4F67-A6CE-E5A96FF37A39}.Release|Any CPU.ActiveCfg = Release|Any CPU
		{8FE46AD0-C393-4F67-A6CE-E5A96FF37A39}.Release|Any CPU.Build.0 = Release|Any CPU
		{4F4E0D10-ABF4-426F-8994-E69F42DD4B66}.Debug|Any CPU.ActiveCfg = Debug|Any CPU
		{4F4E0D10-ABF4-426F-8994-E69F42DD4B66}.Debug|Any CPU.Build.0 = Debug|Any CPU
		{4F4E0D10-ABF4-426F-8994-E69F42DD4B66}.Release|Any CPU.ActiveCfg = Release|Any CPU
		{4F4E0D10-ABF4-426F-8994-E69F42DD4B66}.Release|Any CPU.Build.0 = Release|Any CPU
		{EF6A2875-92EF-4E15-817D-D8F49264EEB6}.Debug|Any CPU.ActiveCfg = Debug|Any CPU
		{EF6A2875-92EF-4E15-817D-D8F49264EEB6}.Debug|Any CPU.Build.0 = Debug|Any CPU
		{EF6A2875-92EF-4E15-817D-D8F49264EEB6}.Release|Any CPU.ActiveCfg = Release|Any CPU
		{EF6A2875-92EF-4E15-817D-D8F49264EEB6}.Release|Any CPU.Build.0 = Release|Any CPU
		{DD36E990-D0A9-4E58-8408-5FFAEE8D1E36}.Debug|Any CPU.ActiveCfg = Debug|Any CPU
		{DD36E990-D0A9-4E58-8408-5FFAEE8D1E36}.Debug|Any CPU.Build.0 = Debug|Any CPU
		{DD36E990-D0A9-4E58-8408-5FFAEE8D1E36}.Release|Any CPU.ActiveCfg = Release|Any CPU
		{DD36E990-D0A9-4E58-8408-5FFAEE8D1E36}.Release|Any CPU.Build.0 = Release|Any CPU
		{2408ADB5-1240-44A1-AD5C-31FE2EFE4074}.Debug|Any CPU.ActiveCfg = Debug|Any CPU
		{2408ADB5-1240-44A1-AD5C-31FE2EFE4074}.Debug|Any CPU.Build.0 = Debug|Any CPU
		{2408ADB5-1240-44A1-AD5C-31FE2EFE4074}.Release|Any CPU.ActiveCfg = Release|Any CPU
		{2408ADB5-1240-44A1-AD5C-31FE2EFE4074}.Release|Any CPU.Build.0 = Release|Any CPU
	EndGlobalSection
	GlobalSection(SolutionProperties) = preSolution
		HideSolutionNode = FALSE
	EndGlobalSection
	GlobalSection(NestedProjects) = preSolution
		{83F04204-B06E-4B1D-839F-88257FA0A247} = {D405C35B-4777-4817-8067-0400968584E0}
		{F10F6C26-BEE3-4E01-AED6-553B0F0519EE} = {D405C35B-4777-4817-8067-0400968584E0}
		{088AA2C6-4774-44EB-B768-E66CE7568998} = {D405C35B-4777-4817-8067-0400968584E0}
		{454170B5-F94B-49DA-B4CA-2207916907C0} = {D405C35B-4777-4817-8067-0400968584E0}
		{25EC4177-08E2-44B3-8A72-155242569E34} = {D405C35B-4777-4817-8067-0400968584E0}
		{AE41065E-A117-4C33-9801-CB2CD72A6CB6} = {EE677CF3-FE7E-476D-8FBA-32FCD91B34B9}
		{DB73A280-A818-4334-80E1-E97DBD68893D} = {EE677CF3-FE7E-476D-8FBA-32FCD91B34B9}
		{57982B67-90EC-43F6-AB03-FC61F2B1205F} = {EE677CF3-FE7E-476D-8FBA-32FCD91B34B9}
		{0FB55FFD-0E5F-4ACF-98B0-60CA882B2188} = {EE677CF3-FE7E-476D-8FBA-32FCD91B34B9}
		{65B9925A-6F65-45A9-9D35-5DB50F9EC2C9} = {EE677CF3-FE7E-476D-8FBA-32FCD91B34B9}
		{A1FCF01E-9233-4B2F-BC86-AB20BCD5AA33} = {D65CED3E-C8F0-4ABD-8205-7A13CD872DF3}
		{F9BB3FD5-8F2A-43D2-A416-6B291A50FBC8} = {D65CED3E-C8F0-4ABD-8205-7A13CD872DF3}
		{CB714609-1317-4A08-B5B2-51E4B59A1EFA} = {D65CED3E-C8F0-4ABD-8205-7A13CD872DF3}
		{2BF81447-989E-406D-BB70-FAF67BF15D60} = {D65CED3E-C8F0-4ABD-8205-7A13CD872DF3}
		{8FE46AD0-C393-4F67-A6CE-E5A96FF37A39} = {46B0F9F7-5F4D-495D-9ADA-FEC3D75E0FF1}
		{4F4E0D10-ABF4-426F-8994-E69F42DD4B66} = {46B0F9F7-5F4D-495D-9ADA-FEC3D75E0FF1}
		{EF6A2875-92EF-4E15-817D-D8F49264EEB6} = {46B0F9F7-5F4D-495D-9ADA-FEC3D75E0FF1}
		{DD36E990-D0A9-4E58-8408-5FFAEE8D1E36} = {46B0F9F7-5F4D-495D-9ADA-FEC3D75E0FF1}
		{2408ADB5-1240-44A1-AD5C-31FE2EFE4074} = {C2EC9C57-D958-4E9E-9F1E-9081247615F1}
	EndGlobalSection
	GlobalSection(ExtensibilityGlobals) = postSolution
		SolutionGuid = {07759492-C836-42AE-B039-ABB01E155E62}
	EndGlobalSection
EndGlobal
